
Microsoft Visual Studio Solution File, Format Version 12.00
# Visual Studio Version 16
VisualStudioVersion = 16.0.29418.71
MinimumVisualStudioVersion = 10.0.40219.1
Project("{FAE04EC0-301F-11D3-BF4B-00C04F79EFBC}") = "EmployeeManagement", "WebApplication1\EmployeeManagement.csproj", "{36829631-980D-4E97-B4FF-4F888387EF42}"
EndProject
Global
	GlobalSection(SolutionConfigurationPlatforms) = preSolution
		Debug|Any CPU = Debug|Any CPU
		Release|Any CPU = Release|Any CPU
	EndGlobalSection
	GlobalSection(ProjectConfigurationPlatforms) = postSolution
		{36829631-980D-4E97-B4FF-4F888387EF42}.Debug|Any CPU.ActiveCfg = Debug|Any CPU
		{36829631-980D-4E97-B4FF-4F888387EF42}.Debug|Any CPU.Build.0 = Debug|Any CPU
		{36829631-980D-4E97-B4FF-4F888387EF42}.Release|Any CPU.ActiveCfg = Release|Any CPU
		{36829631-980D-4E97-B4FF-4F888387EF42}.Release|Any CPU.Build.0 = Release|Any CPU
	EndGlobalSection
	GlobalSection(SolutionProperties) = preSolution
		HideSolutionNode = FALSE
	EndGlobalSection
	GlobalSection(ExtensibilityGlobals) = postSolution
		SolutionGuid = {EA532A07-9357-4357-B6E6-B2B2C1C6A8DF}
	EndGlobalSection
EndGlobal
